
Microsoft Visual Studio Solution File, Format Version 12.00
# Visual Studio Version 16
VisualStudioVersion = 16.0.30011.22
MinimumVisualStudioVersion = 10.0.40219.1
Project("{9A19103F-16F7-4668-BE54-9A1E7A4F7556}") = "ElectricityMap.DotNet.Client", "ElectricityMap.DotNet.Client.csproj", "{28C115B9-A515-4B0A-82BA-654487C53243}"
EndProject
Project("{9A19103F-16F7-4668-BE54-9A1E7A4F7556}") = "ElectricityMap.DotNet.Client.Test", "..\..\test\ElectricityMap.DotNet.Client.Test\ElectricityMap.DotNet.Client.Test.csproj", "{1BA4BFC5-89E0-42CF-903D-BF362A4205D5}"
EndProject
Global
	GlobalSection(SolutionConfigurationPlatforms) = preSolution
		Debug|Any CPU = Debug|Any CPU
		Release|Any CPU = Release|Any CPU
	EndGlobalSection
	GlobalSection(ProjectConfigurationPlatforms) = postSolution
		{28C115B9-A515-4B0A-82BA-654487C53243}.Debug|Any CPU.ActiveCfg = Debug|Any CPU
		{28C115B9-A515-4B0A-82BA-654487C53243}.Debug|Any CPU.Build.0 = Debug|Any CPU
		{28C115B9-A515-4B0A-82BA-654487C53243}.Release|Any CPU.ActiveCfg = Release|Any CPU
		{28C115B9-A515-4B0A-82BA-654487C53243}.Release|Any CPU.Build.0 = Release|Any CPU
		{1BA4BFC5-89E0-42CF-903D-BF362A4205D5}.Debug|Any CPU.ActiveCfg = Debug|Any CPU
		{1BA4BFC5-89E0-42CF-903D-BF362A4205D5}.Debug|Any CPU.Build.0 = Debug|Any CPU
		{1BA4BFC5-89E0-42CF-903D-BF362A4205D5}.Release|Any CPU.ActiveCfg = Release|Any CPU
		{1BA4BFC5-89E0-42CF-903D-BF362A4205D5}.Release|Any CPU.Build.0 = Release|Any CPU
	EndGlobalSection
	GlobalSection(SolutionProperties) = preSolution
		HideSolutionNode = FALSE
	EndGlobalSection
	GlobalSection(ExtensibilityGlobals) = postSolution
		SolutionGuid = {50B9D10B-4F03-442A-8A46-755774787606}
	EndGlobalSection
EndGlobal
